// !$*UTF8*$!
{
	archiveVersion = 1;
	classes = {
	};
	objectVersion = 56;
	objects = {

/* Begin PBXBuildFile section */
		CE621ECE2CC388990029CBED /* SnowSeekerApp.swift in Sources */ = {isa = PBXBuildFile; fileRef = CE621ECD2CC388990029CBED /* SnowSeekerApp.swift */; };
		CE621ED02CC388990029CBED /* ContentView.swift in Sources */ = {isa = PBXBuildFile; fileRef = CE621ECF2CC388990029CBED /* ContentView.swift */; };
		CE621ED22CC3889A0029CBED /* Assets.xcassets in Resources */ = {isa = PBXBuildFile; fileRef = CE621ED12CC3889A0029CBED /* Assets.xcassets */; };
		CE621ED52CC3889A0029CBED /* Preview Assets.xcassets in Resources */ = {isa = PBXBuildFile; fileRef = CE621ED42CC3889A0029CBED /* Preview Assets.xcassets */; };
		CE621EDC2CC39F030029CBED /* resorts.json in Resources */ = {isa = PBXBuildFile; fileRef = CE621EDB2CC39F030029CBED /* resorts.json */; };
		CE621EDE2CC39FA10029CBED /* Resort.swift in Sources */ = {isa = PBXBuildFile; fileRef = CE621EDD2CC39FA10029CBED /* Resort.swift */; };
		CE621EE02CC3A0550029CBED /* Bundle-Decodable.swift in Sources */ = {isa = PBXBuildFile; fileRef = CE621EDF2CC3A0550029CBED /* Bundle-Decodable.swift */; };
		CE621EE22CC3A53D0029CBED /* WelcomeView.swift in Sources */ = {isa = PBXBuildFile; fileRef = CE621EE12CC3A53D0029CBED /* WelcomeView.swift */; };
		CE621EE42CC3A6430029CBED /* ResortView.swift in Sources */ = {isa = PBXBuildFile; fileRef = CE621EE32CC3A6430029CBED /* ResortView.swift */; };
		CE621EE62CC3A7E70029CBED /* SkiDetailsView.swift in Sources */ = {isa = PBXBuildFile; fileRef = CE621EE52CC3A7E70029CBED /* SkiDetailsView.swift */; };
		CE621EE82CC3A8E80029CBED /* ResortDetailsView.swift in Sources */ = {isa = PBXBuildFile; fileRef = CE621EE72CC3A8E80029CBED /* ResortDetailsView.swift */; };
		CECCB4CC2CC4AC2F0093990D /* Facility.swift in Sources */ = {isa = PBXBuildFile; fileRef = CECCB4CB2CC4AC2F0093990D /* Facility.swift */; };
		CECCB4CE2CC4B2780093990D /* Favorites.swift in Sources */ = {isa = PBXBuildFile; fileRef = CECCB4CD2CC4B2780093990D /* Favorites.swift */; };
/* End PBXBuildFile section */

/* Begin PBXFileReference section */
		CE621ECA2CC388990029CBED /* SnowSeeker.app */ = {isa = PBXFileReference; explicitFileType = wrapper.application; includeInIndex = 0; path = SnowSeeker.app; sourceTree = BUILT_PRODUCTS_DIR; };
		CE621ECD2CC388990029CBED /* SnowSeekerApp.swift */ = {isa = PBXFileReference; lastKnownFileType = sourcecode.swift; path = SnowSeekerApp.swift; sourceTree = "<group>"; };
		CE621ECF2CC388990029CBED /* ContentView.swift */ = {isa = PBXFileReference; lastKnownFileType = sourcecode.swift; path = ContentView.swift; sourceTree = "<group>"; };
		CE621ED12CC3889A0029CBED /* Assets.xcassets */ = {isa = PBXFileReference; lastKnownFileType = folder.assetcatalog; path = Assets.xcassets; sourceTree = "<group>"; };
		CE621ED42CC3889A0029CBED /* Preview Assets.xcassets */ = {isa = PBXFileReference; lastKnownFileType = folder.assetcatalog; path = "Preview Assets.xcassets"; sourceTree = "<group>"; };
		CE621EDB2CC39F030029CBED /* resorts.json */ = {isa = PBXFileReference; fileEncoding = 4; lastKnownFileType = text.json; path = resorts.json; sourceTree = "<group>"; };
		CE621EDD2CC39FA10029CBED /* Resort.swift */ = {isa = PBXFileReference; lastKnownFileType = sourcecode.swift; path = Resort.swift; sourceTree = "<group>"; };
		CE621EDF2CC3A0550029CBED /* Bundle-Decodable.swift */ = {isa = PBXFileReference; lastKnownFileType = sourcecode.swift; path = "Bundle-Decodable.swift"; sourceTree = "<group>"; };
		CE621EE12CC3A53D0029CBED /* WelcomeView.swift */ = {isa = PBXFileReference; lastKnownFileType = sourcecode.swift; path = WelcomeView.swift; sourceTree = "<group>"; };
		CE621EE32CC3A6430029CBED /* ResortView.swift */ = {isa = PBXFileReference; lastKnownFileType = sourcecode.swift; path = ResortView.swift; sourceTree = "<group>"; };
		CE621EE52CC3A7E70029CBED /* SkiDetailsView.swift */ = {isa = PBXFileReference; lastKnownFileType = sourcecode.swift; path = SkiDetailsView.swift; sourceTree = "<group>"; };
		CE621EE72CC3A8E80029CBED /* ResortDetailsView.swift */ = {isa = PBXFileReference; lastKnownFileType = sourcecode.swift; path = ResortDetailsView.swift; sourceTree = "<group>"; };
		CECCB4CB2CC4AC2F0093990D /* Facility.swift */ = {isa = PBXFileReference; lastKnownFileType = sourcecode.swift; path = Facility.swift; sourceTree = "<group>"; };
		CECCB4CD2CC4B2780093990D /* Favorites.swift */ = {isa = PBXFileReference; lastKnownFileType = sourcecode.swift; path = Favorites.swift; sourceTree = "<group>"; };
/* End PBXFileReference section */

/* Begin PBXFrameworksBuildPhase section */
		CE621EC72CC388990029CBED /* Frameworks */ = {
			isa = PBXFrameworksBuildPhase;
			buildActionMask = 2147483647;
			files = (
			);
			runOnlyForDeploymentPostprocessing = 0;
		};
/* End PBXFrameworksBuildPhase section */

/* Begin PBXGroup section */
		CE621EC12CC388990029CBED = {
			isa = PBXGroup;
			children = (
				CECCB4CD2CC4B2780093990D /* Favorites.swift */,
				CE621ECC2CC388990029CBED /* SnowSeeker */,
				CE621ECB2CC388990029CBED /* Products */,
			);
			sourceTree = "<group>";
		};
		CE621ECB2CC388990029CBED /* Products */ = {
			isa = PBXGroup;
			children = (
				CE621ECA2CC388990029CBED /* SnowSeeker.app */,
			);
			name = Products;
			sourceTree = "<group>";
		};
		CE621ECC2CC388990029CBED /* SnowSeeker */ = {
			isa = PBXGroup;
			children = (
				CE621ECD2CC388990029CBED /* SnowSeekerApp.swift */,
				CE621ECF2CC388990029CBED /* ContentView.swift */,
				CE621EE52CC3A7E70029CBED /* SkiDetailsView.swift */,
				CE621EE72CC3A8E80029CBED /* ResortDetailsView.swift */,
				CE621EE32CC3A6430029CBED /* ResortView.swift */,
				CECCB4CB2CC4AC2F0093990D /* Facility.swift */,
				CE621EE12CC3A53D0029CBED /* WelcomeView.swift */,
				CE621EDB2CC39F030029CBED /* resorts.json */,
				CE621EDD2CC39FA10029CBED /* Resort.swift */,
				CE621EDF2CC3A0550029CBED /* Bundle-Decodable.swift */,
				CE621ED12CC3889A0029CBED /* Assets.xcassets */,
				CE621ED32CC3889A0029CBED /* Preview Content */,
			);
			path = SnowSeeker;
			sourceTree = "<group>";
		};
		CE621ED32CC3889A0029CBED /* Preview Content */ = {
			isa = PBXGroup;
			children = (
				CE621ED42CC3889A0029CBED /* Preview Assets.xcassets */,
			);
			path = "Preview Content";
			sourceTree = "<group>";
		};
/* End PBXGroup section */

/* Begin PBXNativeTarget section */
		CE621EC92CC388990029CBED /* SnowSeeker */ = {
			isa = PBXNativeTarget;
			buildConfigurationList = CE621ED82CC3889A0029CBED /* Build configuration list for PBXNativeTarget "SnowSeeker" */;
			buildPhases = (
				CE621EC62CC388990029CBED /* Sources */,
				CE621EC72CC388990029CBED /* Frameworks */,
				CE621EC82CC388990029CBED /* Resources */,
			);
			buildRules = (
			);
			dependencies = (
			);
			name = SnowSeeker;
			productName = SnowSeeker;
			productReference = CE621ECA2CC388990029CBED /* SnowSeeker.app */;
			productType = "com.apple.product-type.application";
		};
/* End PBXNativeTarget section */

/* Begin PBXProject section */
		CE621EC22CC388990029CBED /* Project object */ = {
			isa = PBXProject;
			attributes = {
				BuildIndependentTargetsInParallel = 1;
				LastSwiftUpdateCheck = 1540;
				LastUpgradeCheck = 1540;
				TargetAttributes = {
					CE621EC92CC388990029CBED = {
						CreatedOnToolsVersion = 15.4;
					};
				};
			};
			buildConfigurationList = CE621EC52CC388990029CBED /* Build configuration list for PBXProject "SnowSeeker" */;
			compatibilityVersion = "Xcode 14.0";
			developmentRegion = en;
			hasScannedForEncodings = 0;
			knownRegions = (
				en,
				Base,
			);
			mainGroup = CE621EC12CC388990029CBED;
			productRefGroup = CE621ECB2CC388990029CBED /* Products */;
			projectDirPath = "";
			projectRoot = "";
			targets = (
				CE621EC92CC388990029CBED /* SnowSeeker */,
			);
		};
/* End PBXProject section */

/* Begin PBXResourcesBuildPhase section */
		CE621EC82CC388990029CBED /* Resources */ = {
			isa = PBXResourcesBuildPhase;
			buildActionMask = 2147483647;
			files = (
				CE621EDC2CC39F030029CBED /* resorts.json in Resources */,
				CE621ED52CC3889A0029CBED /* Preview Assets.xcassets in Resources */,
				CE621ED22CC3889A0029CBED /* Assets.xcassets in Resources */,
			);
			runOnlyForDeploymentPostprocessing = 0;
		};
/* End PBXResourcesBuildPhase section */

/* Begin PBXSourcesBuildPhase section */
		CE621EC62CC388990029CBED /* Sources */ = {
			isa = PBXSourcesBuildPhase;
			buildActionMask = 2147483647;
			files = (
				CE621EE22CC3A53D0029CBED /* WelcomeView.swift in Sources */,
				CE621EE62CC3A7E70029CBED /* SkiDetailsView.swift in Sources */,
				CE621EE82CC3A8E80029CBED /* ResortDetailsView.swift in Sources */,
				CECCB4CE2CC4B2780093990D /* Favorites.swift in Sources */,
				CECCB4CC2CC4AC2F0093990D /* Facility.swift in Sources */,
				CE621ED02CC388990029CBED /* ContentView.swift in Sources */,
				CE621EDE2CC39FA10029CBED /* Resort.swift in Sources */,
				CE621EE42CC3A6430029CBED /* ResortView.swift in Sources */,
				CE621ECE2CC388990029CBED /* SnowSeekerApp.swift in Sources */,
				CE621EE02CC3A0550029CBED /* Bundle-Decodable.swift in Sources */,
			);
			runOnlyForDeploymentPostprocessing = 0;
		};
/* End PBXSourcesBuildPhase section */

/* Begin XCBuildConfiguration section */
		CE621ED62CC3889A0029CBED /* Debug */ = {
			isa = XCBuildConfiguration;
			buildSettings = {
				ALWAYS_SEARCH_USER_PATHS = NO;
				ASSETCATALOG_COMPILER_GENERATE_SWIFT_ASSET_SYMBOL_EXTENSIONS = YES;
				CLANG_ANALYZER_NONNULL = YES;
				CLANG_ANALYZER_NUMBER_OBJECT_CONVERSION = YES_AGGRESSIVE;
				CLANG_CXX_LANGUAGE_STANDARD = "gnu++20";
				CLANG_ENABLE_MODULES = YES;
				CLANG_ENABLE_OBJC_ARC = YES;
				CLANG_ENABLE_OBJC_WEAK = YES;
				CLANG_WARN_BLOCK_CAPTURE_AUTORELEASING = YES;
				CLANG_WARN_BOOL_CONVERSION = YES;
				CLANG_WARN_COMMA = YES;
				CLANG_WARN_CONSTANT_CONVERSION = YES;
				CLANG_WARN_DEPRECATED_OBJC_IMPLEMENTATIONS = YES;
				CLANG_WARN_DIRECT_OBJC_ISA_USAGE = YES_ERROR;
				CLANG_WARN_DOCUMENTATION_COMMENTS = YES;
				CLANG_WARN_EMPTY_BODY = YES;
				CLANG_WARN_ENUM_CONVERSION = YES;
				CLANG_WARN_INFINITE_RECURSION = YES;
				CLANG_WARN_INT_CONVERSION = YES;
				CLANG_WARN_NON_LITERAL_NULL_CONVERSION = YES;
				CLANG_WARN_OBJC_IMPLICIT_RETAIN_SELF = YES;
				CLANG_WARN_OBJC_LITERAL_CONVERSION = YES;
				CLANG_WARN_OBJC_ROOT_CLASS = YES_ERROR;
				CLANG_WARN_QUOTED_INCLUDE_IN_FRAMEWORK_HEADER = YES;
				CLANG_WARN_RANGE_LOOP_ANALYSIS = YES;
				CLANG_WARN_STRICT_PROTOTYPES = YES;
				CLANG_WARN_SUSPICIOUS_MOVE = YES;
				CLANG_WARN_UNGUARDED_AVAILABILITY = YES_AGGRESSIVE;
				CLANG_WARN_UNREACHABLE_CODE = YES;
				CLANG_WARN__DUPLICATE_METHOD_MATCH = YES;
				COPY_PHASE_STRIP = NO;
				DEBUG_INFORMATION_FORMAT = dwarf;
				ENABLE_STRICT_OBJC_MSGSEND = YES;
				ENABLE_TESTABILITY = YES;
				ENABLE_USER_SCRIPT_SANDBOXING = YES;
				GCC_C_LANGUAGE_STANDARD = gnu17;
				GCC_DYNAMIC_NO_PIC = NO;
				GCC_NO_COMMON_BLOCKS = YES;
				GCC_OPTIMIZATION_LEVEL = 0;
				GCC_PREPROCESSOR_DEFINITIONS = (
					"DEBUG=1",
					"$(inherited)",
				);
				GCC_WARN_64_TO_32_BIT_CONVERSION = YES;
				GCC_WARN_ABOUT_RETURN_TYPE = YES_ERROR;
				GCC_WARN_UNDECLARED_SELECTOR = YES;
				GCC_WARN_UNINITIALIZED_AUTOS = YES_AGGRESSIVE;
				GCC_WARN_UNUSED_FUNCTION = YES;
				GCC_WARN_UNUSED_VARIABLE = YES;
				IPHONEOS_DEPLOYMENT_TARGET = 17.5;
				LOCALIZATION_PREFERS_STRING_CATALOGS = YES;
				MTL_ENABLE_DEBUG_INFO = INCLUDE_SOURCE;
				MTL_FAST_MATH = YES;
				ONLY_ACTIVE_ARCH = YES;
				SDKROOT = iphoneos;
				SWIFT_ACTIVE_COMPILATION_CONDITIONS = "DEBUG $(inherited)";
				SWIFT_OPTIMIZATION_LEVEL = "-Onone";
			};
			name = Debug;
		};
		CE621ED72CC3889A0029CBED /* Release */ = {
			isa = XCBuildConfiguration;
			buildSettings = {
				ALWAYS_SEARCH_USER_PATHS = NO;
				ASSETCATALOG_COMPILER_GENERATE_SWIFT_ASSET_SYMBOL_EXTENSIONS = YES;
				CLANG_ANALYZER_NONNULL = YES;
				CLANG_ANALYZER_NUMBER_OBJECT_CONVERSION = YES_AGGRESSIVE;
				CLANG_CXX_LANGUAGE_STANDARD = "gnu++20";
				CLANG_ENABLE_MODULES = YES;
				CLANG_ENABLE_OBJC_ARC = YES;
				CLANG_ENABLE_OBJC_WEAK = YES;
				CLANG_WARN_BLOCK_CAPTURE_AUTORELEASING = YES;
				CLANG_WARN_BOOL_CONVERSION = YES;
				CLANG_WARN_COMMA = YES;
				CLANG_WARN_CONSTANT_CONVERSION = YES;
				CLANG_WARN_DEPRECATED_OBJC_IMPLEMENTATIONS = YES;
				CLANG_WARN_DIRECT_OBJC_ISA_USAGE = YES_ERROR;
				CLANG_WARN_DOCUMENTATION_COMMENTS = YES;
				CLANG_WARN_EMPTY_BODY = YES;
				CLANG_WARN_ENUM_CONVERSION = YES;
				CLANG_WARN_INFINITE_RECURSION = YES;
				CLANG_WARN_INT_CONVERSION = YES;
				CLANG_WARN_NON_LITERAL_NULL_CONVERSION = YES;
				CLANG_WARN_OBJC_IMPLICIT_RETAIN_SELF = YES;
				CLANG_WARN_OBJC_LITERAL_CONVERSION = YES;
				CLANG_WARN_OBJC_ROOT_CLASS = YES_ERROR;
				CLANG_WARN_QUOTED_INCLUDE_IN_FRAMEWORK_HEADER = YES;
				CLANG_WARN_RANGE_LOOP_ANALYSIS = YES;
				CLANG_WARN_STRICT_PROTOTYPES = YES;
				CLANG_WARN_SUSPICIOUS_MOVE = YES;
				CLANG_WARN_UNGUARDED_AVAILABILITY = YES_AGGRESSIVE;
				CLANG_WARN_UNREACHABLE_CODE = YES;
				CLANG_WARN__DUPLICATE_METHOD_MATCH = YES;
				COPY_PHASE_STRIP = NO;
				DEBUG_INFORMATION_FORMAT = "dwarf-with-dsym";
				ENABLE_NS_ASSERTIONS = NO;
				ENABLE_STRICT_OBJC_MSGSEND = YES;
				ENABLE_USER_SCRIPT_SANDBOXING = YES;
				GCC_C_LANGUAGE_STANDARD = gnu17;
				GCC_NO_COMMON_BLOCKS = YES;
				GCC_WARN_64_TO_32_BIT_CONVERSION = YES;
				GCC_WARN_ABOUT_RETURN_TYPE = YES_ERROR;
				GCC_WARN_UNDECLARED_SELECTOR = YES;
				GCC_WARN_UNINITIALIZED_AUTOS = YES_AGGRESSIVE;
				GCC_WARN_UNUSED_FUNCTION = YES;
				GCC_WARN_UNUSED_VARIABLE = YES;
				IPHONEOS_DEPLOYMENT_TARGET = 17.5;
				LOCALIZATION_PREFERS_STRING_CATALOGS = YES;
				MTL_ENABLE_DEBUG_INFO = NO;
				MTL_FAST_MATH = YES;
				SDKROOT = iphoneos;
				SWIFT_COMPILATION_MODE = wholemodule;
				VALIDATE_PRODUCT = YES;
			};
			name = Release;
		};
		CE621ED92CC3889A0029CBED /* Debug */ = {
			isa = XCBuildConfiguration;
			buildSettings = {
				ASSETCATALOG_COMPILER_APPICON_NAME = AppIcon;
				ASSETCATALOG_COMPILER_GLOBAL_ACCENT_COLOR_NAME = AccentColor;
				CODE_SIGN_STYLE = Automatic;
				CURRENT_PROJECT_VERSION = 1;
				DEVELOPMENT_ASSET_PATHS = "\"SnowSeeker/Preview Content\"";
				ENABLE_PREVIEWS = YES;
				GENERATE_INFOPLIST_FILE = YES;
				INFOPLIST_KEY_UIApplicationSceneManifest_Generation = YES;
				INFOPLIST_KEY_UIApplicationSupportsIndirectInputEvents = YES;
				INFOPLIST_KEY_UILaunchScreen_Generation = YES;
				INFOPLIST_KEY_UISupportedInterfaceOrientations_iPad = "UIInterfaceOrientationPortrait UIInterfaceOrientationPortraitUpsideDown UIInterfaceOrientationLandscapeLeft UIInterfaceOrientationLandscapeRight";
				INFOPLIST_KEY_UISupportedInterfaceOrientations_iPhone = "UIInterfaceOrientationPortrait UIInterfaceOrientationLandscapeLeft UIInterfaceOrientationLandscapeRight";
				LD_RUNPATH_SEARCH_PATHS = (
					"$(inherited)",
					"@executable_path/Frameworks",
				);
				MARKETING_VERSION = 1.0;
				PRODUCT_BUNDLE_IDENTIFIER = me.choi.jeongan.SnowSeeker;
				PRODUCT_NAME = "$(TARGET_NAME)";
				SWIFT_EMIT_LOC_STRINGS = YES;
				SWIFT_VERSION = 5.0;
				TARGETED_DEVICE_FAMILY = "1,2";
			};
			name = Debug;
		};
		CE621EDA2CC3889A0029CBED /* Release */ = {
			isa = XCBuildConfiguration;
			buildSettings = {
				ASSETCATALOG_COMPILER_APPICON_NAME = AppIcon;
				ASSETCATALOG_COMPILER_GLOBAL_ACCENT_COLOR_NAME = AccentColor;
				CODE_SIGN_STYLE = Automatic;
				CURRENT_PROJECT_VERSION = 1;
				DEVELOPMENT_ASSET_PATHS = "\"SnowSeeker/Preview Content\"";
				ENABLE_PREVIEWS = YES;
				GENERATE_INFOPLIST_FILE = YES;
				INFOPLIST_KEY_UIApplicationSceneManifest_Generation = YES;
				INFOPLIST_KEY_UIApplicationSupportsIndirectInputEvents = YES;
				INFOPLIST_KEY_UILaunchScreen_Generation = YES;
				INFOPLIST_KEY_UISupportedInterfaceOrientations_iPad = "UIInterfaceOrientationPortrait UIInterfaceOrientationPortraitUpsideDown UIInterfaceOrientationLandscapeLeft UIInterfaceOrientationLandscapeRight";
				INFOPLIST_KEY_UISupportedInterfaceOrientations_iPhone = "UIInterfaceOrientationPortrait UIInterfaceOrientationLandscapeLeft UIInterfaceOrientationLandscapeRight";
				LD_RUNPATH_SEARCH_PATHS = (
					"$(inherited)",
					"@executable_path/Frameworks",
				);
				MARKETING_VERSION = 1.0;
				PRODUCT_BUNDLE_IDENTIFIER = me.choi.jeongan.SnowSeeker;
				PRODUCT_NAME = "$(TARGET_NAME)";
				SWIFT_EMIT_LOC_STRINGS = YES;
				SWIFT_VERSION = 5.0;
				TARGETED_DEVICE_FAMILY = "1,2";
			};
			name = Release;
		};
/* End XCBuildConfiguration section */

/* Begin XCConfigurationList section */
		CE621EC52CC388990029CBED /* Build configuration list for PBXProject "SnowSeeker" */ = {
			isa = XCConfigurationList;
			buildConfigurations = (
				CE621ED62CC3889A0029CBED /* Debug */,
				CE621ED72CC3889A0029CBED /* Release */,
			);
			defaultConfigurationIsVisible = 0;
			defaultConfigurationName = Release;
		};
		CE621ED82CC3889A0029CBED /* Build configuration list for PBXNativeTarget "SnowSeeker" */ = {
			isa = XCConfigurationList;
			buildConfigurations = (
				CE621ED92CC3889A0029CBED /* Debug */,
				CE621EDA2CC3889A0029CBED /* Release */,
			);
			defaultConfigurationIsVisible = 0;
			defaultConfigurationName = Release;
		};
/* End XCConfigurationList section */
	};
	rootObject = CE621EC22CC388990029CBED /* Project object */;
}
